
Microsoft Visual Studio Solution File, Format Version 12.00
# Visual Studio Version 17
VisualStudioVersion = 17.2.32630.192
MinimumVisualStudioVersion = 10.0.40219.1
Project("{FAE04EC0-301F-11D3-BF4B-00C04F79EFBC}") = "RecipeRecommand", "RecipeRecommand.csproj", "{B992DE7B-A3DD-4EB7-8BA5-E4EA54BA6DCF}"
EndProject
Global
	GlobalSection(SolutionConfigurationPlatforms) = preSolution
		Debug|Any CPU = Debug|Any CPU
		Release|Any CPU = Release|Any CPU
	EndGlobalSection
	GlobalSection(ProjectConfigurationPlatforms) = postSolution
		{B992DE7B-A3DD-4EB7-8BA5-E4EA54BA6DCF}.Debug|Any CPU.ActiveCfg = Debug|Any CPU
		{B992DE7B-A3DD-4EB7-8BA5-E4EA54BA6DCF}.Debug|Any CPU.Build.0 = Debug|Any CPU
		{B992DE7B-A3DD-4EB7-8BA5-E4EA54BA6DCF}.Release|Any CPU.ActiveCfg = Release|Any CPU
		{B992DE7B-A3DD-4EB7-8BA5-E4EA54BA6DCF}.Release|Any CPU.Build.0 = Release|Any CPU
	EndGlobalSection
	GlobalSection(SolutionProperties) = preSolution
		HideSolutionNode = FALSE
	EndGlobalSection
	GlobalSection(ExtensibilityGlobals) = postSolution
		SolutionGuid = {CF2722FA-BAA2-498F-BE9B-A6BA81314264}
	EndGlobalSection
EndGlobal
